
Microsoft Visual Studio Solution File, Format Version 12.00
# Visual Studio Version 17
VisualStudioVersion = 17.12.35707.178
MinimumVisualStudioVersion = 10.0.40219.1
Project("{FAE04EC0-301F-11D3-BF4B-00C04F79EFBC}") = "StarPrinterWebServiceApp", "StarPrinterWebApiService\StarPrinterWebServiceApp.csproj", "{69C7E4F5-63AF-419F-A738-FA40356E6B7B}"
EndProject
Project("{FAE04EC0-301F-11D3-BF4B-00C04F79EFBC}") = "StarPrinterWebServiceTests", "StarPrinterWebServiceTests\StarPrinterWebServiceTests.csproj", "{5CB8864C-CC42-4185-BF98-2253135673C4}"
EndProject
Global
	GlobalSection(SolutionConfigurationPlatforms) = preSolution
		Debug|Any CPU = Debug|Any CPU
		Debug|x64 = Debug|x64
		Release|Any CPU = Release|Any CPU
		Release|x64 = Release|x64
	EndGlobalSection
	GlobalSection(ProjectConfigurationPlatforms) = postSolution
		{69C7E4F5-63AF-419F-A738-FA40356E6B7B}.Debug|Any CPU.ActiveCfg = Debug|Any CPU
		{69C7E4F5-63AF-419F-A738-FA40356E6B7B}.Debug|Any CPU.Build.0 = Debug|Any CPU
		{69C7E4F5-63AF-419F-A738-FA40356E6B7B}.Debug|x64.ActiveCfg = Debug|x64
		{69C7E4F5-63AF-419F-A738-FA40356E6B7B}.Debug|x64.Build.0 = Debug|x64
		{69C7E4F5-63AF-419F-A738-FA40356E6B7B}.Release|Any CPU.ActiveCfg = Release|Any CPU
		{69C7E4F5-63AF-419F-A738-FA40356E6B7B}.Release|Any CPU.Build.0 = Release|Any CPU
		{69C7E4F5-63AF-419F-A738-FA40356E6B7B}.Release|x64.ActiveCfg = Release|x64
		{69C7E4F5-63AF-419F-A738-FA40356E6B7B}.Release|x64.Build.0 = Release|x64
		{5CB8864C-CC42-4185-BF98-2253135673C4}.Debug|Any CPU.ActiveCfg = Debug|Any CPU
		{5CB8864C-CC42-4185-BF98-2253135673C4}.Debug|Any CPU.Build.0 = Debug|Any CPU
		{5CB8864C-CC42-4185-BF98-2253135673C4}.Debug|x64.ActiveCfg = Debug|x64
		{5CB8864C-CC42-4185-BF98-2253135673C4}.Debug|x64.Build.0 = Debug|x64
		{5CB8864C-CC42-4185-BF98-2253135673C4}.Release|Any CPU.ActiveCfg = Release|Any CPU
		{5CB8864C-CC42-4185-BF98-2253135673C4}.Release|Any CPU.Build.0 = Release|Any CPU
		{5CB8864C-CC42-4185-BF98-2253135673C4}.Release|x64.ActiveCfg = Release|x64
		{5CB8864C-CC42-4185-BF98-2253135673C4}.Release|x64.Build.0 = Release|x64
	EndGlobalSection
	GlobalSection(SolutionProperties) = preSolution
		HideSolutionNode = FALSE
	EndGlobalSection
EndGlobal
